
Microsoft Visual Studio Solution File, Format Version 12.00
# Visual Studio 15
VisualStudioVersion = 15.0.28307.1000
MinimumVisualStudioVersion = 10.0.40219.1
Project("{FAE04EC0-301F-11D3-BF4B-00C04F79EFBC}") = "Calculadora", "Calculadora\Calculadora.csproj", "{8BBB5A9B-B8D1-4C4C-8496-FB2CFC7DD7F4}"
EndProject
Project("{FAE04EC0-301F-11D3-BF4B-00C04F79EFBC}") = "Calculadora.Testes", "Calculadora.Testes\Calculadora.Testes.csproj", "{166DF76A-9E5C-4F15-936F-9A7E37978F5E}"
EndProject
Global
	GlobalSection(SolutionConfigurationPlatforms) = preSolution
		Debug|Any CPU = Debug|Any CPU
		Release|Any CPU = Release|Any CPU
	EndGlobalSection
	GlobalSection(ProjectConfigurationPlatforms) = postSolution
		{8BBB5A9B-B8D1-4C4C-8496-FB2CFC7DD7F4}.Debug|Any CPU.ActiveCfg = Debug|Any CPU
		{8BBB5A9B-B8D1-4C4C-8496-FB2CFC7DD7F4}.Debug|Any CPU.Build.0 = Debug|Any CPU
		{8BBB5A9B-B8D1-4C4C-8496-FB2CFC7DD7F4}.Release|Any CPU.ActiveCfg = Release|Any CPU
		{8BBB5A9B-B8D1-4C4C-8496-FB2CFC7DD7F4}.Release|Any CPU.Build.0 = Release|Any CPU
		{166DF76A-9E5C-4F15-936F-9A7E37978F5E}.Debug|Any CPU.ActiveCfg = Debug|Any CPU
		{166DF76A-9E5C-4F15-936F-9A7E37978F5E}.Debug|Any CPU.Build.0 = Debug|Any CPU
		{166DF76A-9E5C-4F15-936F-9A7E37978F5E}.Release|Any CPU.ActiveCfg = Release|Any CPU
		{166DF76A-9E5C-4F15-936F-9A7E37978F5E}.Release|Any CPU.Build.0 = Release|Any CPU
	EndGlobalSection
	GlobalSection(SolutionProperties) = preSolution
		HideSolutionNode = FALSE
	EndGlobalSection
	GlobalSection(ExtensibilityGlobals) = postSolution
		SolutionGuid = {7EFF300F-BC10-440D-8F89-CBFEDFB98B9D}
	EndGlobalSection
EndGlobal
